// !$*UTF8*$!
{
	archiveVersion = 1;
	classes = {
	};
	objectVersion = 50;
	objects = {

/* Begin PBXBuildFile section */
		4D5776352155370000C2F880 /* CustomTableViewCell2.swift in Sources */ = {isa = PBXBuildFile; fileRef = 4D5776332155370000C2F880 /* CustomTableViewCell2.swift */; };
		4D5776362155370000C2F880 /* CustomTableViewCell2.xib in Resources */ = {isa = PBXBuildFile; fileRef = 4D5776342155370000C2F880 /* CustomTableViewCell2.xib */; };
		4DEAC27A2155345D002D66A1 /* grape.png in Resources */ = {isa = PBXBuildFile; fileRef = 4DEAC2792155345C002D66A1 /* grape.png */; };
		4DEAC27C21553462002D66A1 /* cap.png in Resources */ = {isa = PBXBuildFile; fileRef = 4DEAC27B21553462002D66A1 /* cap.png */; };
		4DEF188F2154FC9500995C48 /* CustomTableViewCell.swift in Sources */ = {isa = PBXBuildFile; fileRef = 4DEF188E2154FC9500995C48 /* CustomTableViewCell.swift */; };
		4DF293612154E2D8006989FF /* AppDelegate.swift in Sources */ = {isa = PBXBuildFile; fileRef = 4DF293602154E2D8006989FF /* AppDelegate.swift */; };
		4DF293632154E2D8006989FF /* ViewController.swift in Sources */ = {isa = PBXBuildFile; fileRef = 4DF293622154E2D8006989FF /* ViewController.swift */; };
		4DF293662154E2D8006989FF /* Main.storyboard in Resources */ = {isa = PBXBuildFile; fileRef = 4DF293642154E2D8006989FF /* Main.storyboard */; };
		4DF293682154E2D9006989FF /* Assets.xcassets in Resources */ = {isa = PBXBuildFile; fileRef = 4DF293672154E2D9006989FF /* Assets.xcassets */; };
		4DF2936B2154E2D9006989FF /* LaunchScreen.storyboard in Resources */ = {isa = PBXBuildFile; fileRef = 4DF293692154E2D9006989FF /* LaunchScreen.storyboard */; };
/* End PBXBuildFile section */

/* Begin PBXFileReference section */
		4D5776332155370000C2F880 /* CustomTableViewCell2.swift */ = {isa = PBXFileReference; lastKnownFileType = sourcecode.swift; path = CustomTableViewCell2.swift; sourceTree = "<group>"; };
		4D5776342155370000C2F880 /* CustomTableViewCell2.xib */ = {isa = PBXFileReference; lastKnownFileType = file.xib; path = CustomTableViewCell2.xib; sourceTree = "<group>"; };
		4DEAC2792155345C002D66A1 /* grape.png */ = {isa = PBXFileReference; lastKnownFileType = image.png; path = grape.png; sourceTree = "<group>"; };
		4DEAC27B21553462002D66A1 /* cap.png */ = {isa = PBXFileReference; lastKnownFileType = image.png; path = cap.png; sourceTree = "<group>"; };
		4DEF188E2154FC9500995C48 /* CustomTableViewCell.swift */ = {isa = PBXFileReference; lastKnownFileType = sourcecode.swift; path = CustomTableViewCell.swift; sourceTree = "<group>"; };
		4DF2935D2154E2D8006989FF /* Demo_TableViewApp.app */ = {isa = PBXFileReference; explicitFileType = wrapper.application; includeInIndex = 0; path = Demo_TableViewApp.app; sourceTree = BUILT_PRODUCTS_DIR; };
		4DF293602154E2D8006989FF /* AppDelegate.swift */ = {isa = PBXFileReference; lastKnownFileType = sourcecode.swift; path = AppDelegate.swift; sourceTree = "<group>"; };
		4DF293622154E2D8006989FF /* ViewController.swift */ = {isa = PBXFileReference; lastKnownFileType = sourcecode.swift; path = ViewController.swift; sourceTree = "<group>"; };
		4DF293652154E2D8006989FF /* Base */ = {isa = PBXFileReference; lastKnownFileType = file.storyboard; name = Base; path = Base.lproj/Main.storyboard; sourceTree = "<group>"; };
		4DF293672154E2D9006989FF /* Assets.xcassets */ = {isa = PBXFileReference; lastKnownFileType = folder.assetcatalog; path = Assets.xcassets; sourceTree = "<group>"; };
		4DF2936A2154E2D9006989FF /* Base */ = {isa = PBXFileReference; lastKnownFileType = file.storyboard; name = Base; path = Base.lproj/LaunchScreen.storyboard; sourceTree = "<group>"; };
		4DF2936C2154E2D9006989FF /* Info.plist */ = {isa = PBXFileReference; lastKnownFileType = text.plist.xml; path = Info.plist; sourceTree = "<group>"; };
/* End PBXFileReference section */

/* Begin PBXFrameworksBuildPhase section */
		4DF2935A2154E2D8006989FF /* Frameworks */ = {
			isa = PBXFrameworksBuildPhase;
			buildActionMask = 2147483647;
			files = (
			);
			runOnlyForDeploymentPostprocessing = 0;
		};
/* End PBXFrameworksBuildPhase section */

/* Begin PBXGroup section */
		4DF293542154E2D8006989FF = {
			isa = PBXGroup;
			children = (
				4DEF188E2154FC9500995C48 /* CustomTableViewCell.swift */,
				4DF2935F2154E2D8006989FF /* Demo_TableViewApp */,
				4DF2935E2154E2D8006989FF /* Products */,
			);
			sourceTree = "<group>";
		};
		4DF2935E2154E2D8006989FF /* Products */ = {
			isa = PBXGroup;
			children = (
				4DF2935D2154E2D8006989FF /* Demo_TableViewApp.app */,
			);
			name = Products;
			sourceTree = "<group>";
		};
		4DF2935F2154E2D8006989FF /* Demo_TableViewApp */ = {
			isa = PBXGroup;
			children = (
				4DF293602154E2D8006989FF /* AppDelegate.swift */,
				4DEAC27B21553462002D66A1 /* cap.png */,
				4DEAC2792155345C002D66A1 /* grape.png */,
				4DF293622154E2D8006989FF /* ViewController.swift */,
				4DF293642154E2D8006989FF /* Main.storyboard */,
				4DF293672154E2D9006989FF /* Assets.xcassets */,
				4DF293692154E2D9006989FF /* LaunchScreen.storyboard */,
				4DF2936C2154E2D9006989FF /* Info.plist */,
				4D5776332155370000C2F880 /* CustomTableViewCell2.swift */,
				4D5776342155370000C2F880 /* CustomTableViewCell2.xib */,
			);
			path = Demo_TableViewApp;
			sourceTree = "<group>";
		};
/* End PBXGroup section */

/* Begin PBXNativeTarget section */
		4DF2935C2154E2D8006989FF /* Demo_TableViewApp */ = {
			isa = PBXNativeTarget;
			buildConfigurationList = 4DF2936F2154E2D9006989FF /* Build configuration list for PBXNativeTarget "Demo_TableViewApp" */;
			buildPhases = (
				4DF293592154E2D8006989FF /* Sources */,
				4DF2935A2154E2D8006989FF /* Frameworks */,
				4DF2935B2154E2D8006989FF /* Resources */,
			);
			buildRules = (
			);
			dependencies = (
			);
			name = Demo_TableViewApp;
			productName = Demo_TableViewApp;
			productReference = 4DF2935D2154E2D8006989FF /* Demo_TableViewApp.app */;
			productType = "com.apple.product-type.application";
		};
/* End PBXNativeTarget section */

/* Begin PBXProject section */
		4DF293552154E2D8006989FF /* Project object */ = {
			isa = PBXProject;
			attributes = {
				LastSwiftUpdateCheck = 0940;
				LastUpgradeCheck = 0940;
				ORGANIZATIONNAME = ahmedHigherVisibility;
				TargetAttributes = {
					4DF2935C2154E2D8006989FF = {
						CreatedOnToolsVersion = 9.4.1;
					};
				};
			};
			buildConfigurationList = 4DF293582154E2D8006989FF /* Build configuration list for PBXProject "Demo_TableViewApp" */;
			compatibilityVersion = "Xcode 9.3";
			developmentRegion = en;
			hasScannedForEncodings = 0;
			knownRegions = (
				en,
				Base,
			);
			mainGroup = 4DF293542154E2D8006989FF;
			productRefGroup = 4DF2935E2154E2D8006989FF /* Products */;
			projectDirPath = "";
			projectRoot = "";
			targets = (
				4DF2935C2154E2D8006989FF /* Demo_TableViewApp */,
			);
		};
/* End PBXProject section */

/* Begin PBXResourcesBuildPhase section */
		4DF2935B2154E2D8006989FF /* Resources */ = {
			isa = PBXResourcesBuildPhase;
			buildActionMask = 2147483647;
			files = (
				4DF2936B2154E2D9006989FF /* LaunchScreen.storyboard in Resources */,
				4DF293682154E2D9006989FF /* Assets.xcassets in Resources */,
				4DF293662154E2D8006989FF /* Main.storyboard in Resources */,
				4D5776362155370000C2F880 /* CustomTableViewCell2.xib in Resources */,
				4DEAC27A2155345D002D66A1 /* grape.png in Resources */,
				4DEAC27C21553462002D66A1 /* cap.png in Resources */,
			);
			runOnlyForDeploymentPostprocessing = 0;
		};
/* End PBXResourcesBuildPhase section */

/* Begin PBXSourcesBuildPhase section */
		4DF293592154E2D8006989FF /* Sources */ = {
			isa = PBXSourcesBuildPhase;
			buildActionMask = 2147483647;
			files = (
				4DEF188F2154FC9500995C48 /* CustomTableViewCell.swift in Sources */,
				4D5776352155370000C2F880 /* CustomTableViewCell2.swift in Sources */,
				4DF293632154E2D8006989FF /* ViewController.swift in Sources */,
				4DF293612154E2D8006989FF /* AppDelegate.swift in Sources */,
			);
			runOnlyForDeploymentPostprocessing = 0;
		};
/* End PBXSourcesBuildPhase section */

/* Begin PBXVariantGroup section */
		4DF293642154E2D8006989FF /* Main.storyboard */ = {
			isa = PBXVariantGroup;
			children = (
				4DF293652154E2D8006989FF /* Base */,
			);
			name = Main.storyboard;
			sourceTree = "<group>";
		};
		4DF293692154E2D9006989FF /* LaunchScreen.storyboard */ = {
			isa = PBXVariantGroup;
			children = (
				4DF2936A2154E2D9006989FF /* Base */,
			);
			name = LaunchScreen.storyboard;
			sourceTree = "<group>";
		};
/* End PBXVariantGroup section */

/* Begin XCBuildConfiguration section */
		4DF2936D2154E2D9006989FF /* Debug */ = {
			isa = XCBuildConfiguration;
			buildSettings = {
				ALWAYS_SEARCH_USER_PATHS = NO;
				CLANG_ANALYZER_NONNULL = YES;
				CLANG_ANALYZER_NUMBER_OBJECT_CONVERSION = YES_AGGRESSIVE;
				CLANG_CXX_LANGUAGE_STANDARD = "gnu++14";
				CLANG_CXX_LIBRARY = "libc++";
				CLANG_ENABLE_MODULES = YES;
				CLANG_ENABLE_OBJC_ARC = YES;
				CLANG_ENABLE_OBJC_WEAK = YES;
				CLANG_WARN_BLOCK_CAPTURE_AUTORELEASING = YES;
				CLANG_WARN_BOOL_CONVERSION = YES;
				CLANG_WARN_COMMA = YES;
				CLANG_WARN_CONSTANT_CONVERSION = YES;
				CLANG_WARN_DEPRECATED_OBJC_IMPLEMENTATIONS = YES;
				CLANG_WARN_DIRECT_OBJC_ISA_USAGE = YES_ERROR;
				CLANG_WARN_DOCUMENTATION_COMMENTS = YES;
				CLANG_WARN_EMPTY_BODY = YES;
				CLANG_WARN_ENUM_CONVERSION = YES;
				CLANG_WARN_INFINITE_RECURSION = YES;
				CLANG_WARN_INT_CONVERSION = YES;
				CLANG_WARN_NON_LITERAL_NULL_CONVERSION = YES;
				CLANG_WARN_OBJC_IMPLICIT_RETAIN_SELF = YES;
				CLANG_WARN_OBJC_LITERAL_CONVERSION = YES;
				CLANG_WARN_OBJC_ROOT_CLASS = YES_ERROR;
				CLANG_WARN_RANGE_LOOP_ANALYSIS = YES;
				CLANG_WARN_STRICT_PROTOTYPES = YES;
				CLANG_WARN_SUSPICIOUS_MOVE = YES;
				CLANG_WARN_UNGUARDED_AVAILABILITY = YES_AGGRESSIVE;
				CLANG_WARN_UNREACHABLE_CODE = YES;
				CLANG_WARN__DUPLICATE_METHOD_MATCH = YES;
				CODE_SIGN_IDENTITY = "iPhone Developer";
				COPY_PHASE_STRIP = NO;
				DEBUG_INFORMATION_FORMAT = dwarf;
				ENABLE_STRICT_OBJC_MSGSEND = YES;
				ENABLE_TESTABILITY = YES;
				GCC_C_LANGUAGE_STANDARD = gnu11;
				GCC_DYNAMIC_NO_PIC = NO;
				GCC_NO_COMMON_BLOCKS = YES;
				GCC_OPTIMIZATION_LEVEL = 0;
				GCC_PREPROCESSOR_DEFINITIONS = (
					"DEBUG=1",
					"$(inherited)",
				);
				GCC_WARN_64_TO_32_BIT_CONVERSION = YES;
				GCC_WARN_ABOUT_RETURN_TYPE = YES_ERROR;
				GCC_WARN_UNDECLARED_SELECTOR = YES;
				GCC_WARN_UNINITIALIZED_AUTOS = YES_AGGRESSIVE;
				GCC_WARN_UNUSED_FUNCTION = YES;
				GCC_WARN_UNUSED_VARIABLE = YES;
				IPHONEOS_DEPLOYMENT_TARGET = 11.4;
				MTL_ENABLE_DEBUG_INFO = YES;
				ONLY_ACTIVE_ARCH = YES;
				SDKROOT = iphoneos;
				SWIFT_ACTIVE_COMPILATION_CONDITIONS = DEBUG;
				SWIFT_OPTIMIZATION_LEVEL = "-Onone";
			};
			name = Debug;
		};
		4DF2936E2154E2D9006989FF /* Release */ = {
			isa = XCBuildConfiguration;
			buildSettings = {
				ALWAYS_SEARCH_USER_PATHS = NO;
				CLANG_ANALYZER_NONNULL = YES;
				CLANG_ANALYZER_NUMBER_OBJECT_CONVERSION = YES_AGGRESSIVE;
				CLANG_CXX_LANGUAGE_STANDARD = "gnu++14";
				CLANG_CXX_LIBRARY = "libc++";
				CLANG_ENABLE_MODULES = YES;
				CLANG_ENABLE_OBJC_ARC = YES;
				CLANG_ENABLE_OBJC_WEAK = YES;
				CLANG_WARN_BLOCK_CAPTURE_AUTORELEASING = YES;
				CLANG_WARN_BOOL_CONVERSION = YES;
				CLANG_WARN_COMMA = YES;
				CLANG_WARN_CONSTANT_CONVERSION = YES;
				CLANG_WARN_DEPRECATED_OBJC_IMPLEMENTATIONS = YES;
				CLANG_WARN_DIRECT_OBJC_ISA_USAGE = YES_ERROR;
				CLANG_WARN_DOCUMENTATION_COMMENTS = YES;
				CLANG_WARN_EMPTY_BODY = YES;
				CLANG_WARN_ENUM_CONVERSION = YES;
				CLANG_WARN_INFINITE_RECURSION = YES;
				CLANG_WARN_INT_CONVERSION = YES;
				CLANG_WARN_NON_LITERAL_NULL_CONVERSION = YES;
				CLANG_WARN_OBJC_IMPLICIT_RETAIN_SELF = YES;
				CLANG_WARN_OBJC_LITERAL_CONVERSION = YES;
				CLANG_WARN_OBJC_ROOT_CLASS = YES_ERROR;
				CLANG_WARN_RANGE_LOOP_ANALYSIS = YES;
				CLANG_WARN_STRICT_PROTOTYPES = YES;
				CLANG_WARN_SUSPICIOUS_MOVE = YES;
				CLANG_WARN_UNGUARDED_AVAILABILITY = YES_AGGRESSIVE;
				CLANG_WARN_UNREACHABLE_CODE = YES;
				CLANG_WARN__DUPLICATE_METHOD_MATCH = YES;
				CODE_SIGN_IDENTITY = "iPhone Developer";
				COPY_PHASE_STRIP = NO;
				DEBUG_INFORMATION_FORMAT = "dwarf-with-dsym";
				ENABLE_NS_ASSERTIONS = NO;
				ENABLE_STRICT_OBJC_MSGSEND = YES;
				GCC_C_LANGUAGE_STANDARD = gnu11;
				GCC_NO_COMMON_BLOCKS = YES;
				GCC_WARN_64_TO_32_BIT_CONVERSION = YES;
				GCC_WARN_ABOUT_RETURN_TYPE = YES_ERROR;
				GCC_WARN_UNDECLARED_SELECTOR = YES;
				GCC_WARN_UNINITIALIZED_AUTOS = YES_AGGRESSIVE;
				GCC_WARN_UNUSED_FUNCTION = YES;
				GCC_WARN_UNUSED_VARIABLE = YES;
				IPHONEOS_DEPLOYMENT_TARGET = 11.4;
				MTL_ENABLE_DEBUG_INFO = NO;
				SDKROOT = iphoneos;
				SWIFT_COMPILATION_MODE = wholemodule;
				SWIFT_OPTIMIZATION_LEVEL = "-O";
				VALIDATE_PRODUCT = YES;
			};
			name = Release;
		};
		4DF293702154E2D9006989FF /* Debug */ = {
			isa = XCBuildConfiguration;
			buildSettings = {
				ASSETCATALOG_COMPILER_APPICON_NAME = AppIcon;
				CODE_SIGN_STYLE = Automatic;
				DEVELOPMENT_TEAM = 672387VDVV;
				INFOPLIST_FILE = Demo_TableViewApp/Info.plist;
				LD_RUNPATH_SEARCH_PATHS = (
					"$(inherited)",
					"@executable_path/Frameworks",
				);
				PRODUCT_BUNDLE_IDENTIFIER = "com.HigherVisibility.Demo-TableViewApp";
				PRODUCT_NAME = "$(TARGET_NAME)";
				SWIFT_VERSION = 4.0;
				TARGETED_DEVICE_FAMILY = "1,2";
			};
			name = Debug;
		};
		4DF293712154E2D9006989FF /* Release */ = {
			isa = XCBuildConfiguration;
			buildSettings = {
				ASSETCATALOG_COMPILER_APPICON_NAME = AppIcon;
				CODE_SIGN_STYLE = Automatic;
				DEVELOPMENT_TEAM = 672387VDVV;
				INFOPLIST_FILE = Demo_TableViewApp/Info.plist;
				LD_RUNPATH_SEARCH_PATHS = (
					"$(inherited)",
					"@executable_path/Frameworks",
				);
				PRODUCT_BUNDLE_IDENTIFIER = "com.HigherVisibility.Demo-TableViewApp";
				PRODUCT_NAME = "$(TARGET_NAME)";
				SWIFT_VERSION = 4.0;
				TARGETED_DEVICE_FAMILY = "1,2";
			};
			name = Release;
		};
/* End XCBuildConfiguration section */

/* Begin XCConfigurationList section */
		4DF293582154E2D8006989FF /* Build configuration list for PBXProject "Demo_TableViewApp" */ = {
			isa = XCConfigurationList;
			buildConfigurations = (
				4DF2936D2154E2D9006989FF /* Debug */,
				4DF2936E2154E2D9006989FF /* Release */,
			);
			defaultConfigurationIsVisible = 0;
			defaultConfigurationName = Release;
		};
		4DF2936F2154E2D9006989FF /* Build configuration list for PBXNativeTarget "Demo_TableViewApp" */ = {
			isa = XCConfigurationList;
			buildConfigurations = (
				4DF293702154E2D9006989FF /* Debug */,
				4DF293712154E2D9006989FF /* Release */,
			);
			defaultConfigurationIsVisible = 0;
			defaultConfigurationName = Release;
		};
/* End XCConfigurationList section */
	};
	rootObject = 4DF293552154E2D8006989FF /* Project object */;
}
